// !$*UTF8*$!
{archiveVersion = 1; classes = {}; objectVersion = 56; objects = {
458B8C1085CF106867885A6B = {isa = PBXFileReference; lastKnownFileType = sourcecode.swift; path = "MsgBlast/App/AppModel.swift"; sourceTree = SOURCE_ROOT;};
1FD3A9862F2DE549FE564001 = {isa = PBXFileReference; lastKnownFileType = sourcecode.swift; path = "MsgBlast/App/AttachmentDelivery.swift"; sourceTree = SOURCE_ROOT;};
ED911E839B9D04735B769D26 = {isa = PBXFileReference; lastKnownFileType = sourcecode.swift; path = "MsgBlast/App/MsgBlastApp.swift"; sourceTree = SOURCE_ROOT;};
D2DDDB9A42530B6834C2257A = {isa = PBXFileReference; lastKnownFileType = sourcecode.swift; path = "MsgBlast/Contacts/ContactSearch.swift"; sourceTree = SOURCE_ROOT;};
1CDC923B03769187A76C52E5 = {isa = PBXFileReference; lastKnownFileType = sourcecode.swift; path = "MsgBlast/Core/AttachmentImport.swift"; sourceTree = SOURCE_ROOT;};
FB6D8D89CDE96ECD10C14BAB = {isa = PBXFileReference; lastKnownFileType = sourcecode.swift; path = "MsgBlast/Core/AttachmentTextView.swift"; sourceTree = SOURCE_ROOT;};
69338B568E5AEE1CDEBF3C73 = {isa = PBXFileReference; lastKnownFileType = sourcecode.swift; path = "MsgBlast/Core/Attachments.swift"; sourceTree = SOURCE_ROOT;};
D0FF9E6FB52B2C778B226497 = {isa = PBXFileReference; lastKnownFileType = sourcecode.swift; path = "MsgBlast/Core/DiscoverCatalog.swift"; sourceTree = SOURCE_ROOT;};
5BF2F68A6BE0716C872C1155 = {isa = PBXFileReference; lastKnownFileType = sourcecode.swift; path = "MsgBlast/Core/MessagesDatabase.swift"; sourceTree = SOURCE_ROOT;};
6FED79A5C350F746E510B712 = {isa = PBXFileReference; lastKnownFileType = sourcecode.swift; path = "MsgBlast/Core/Models.swift"; sourceTree = SOURCE_ROOT;};
D1A4EDA5A489BE8D07761394 = {isa = PBXFileReference; lastKnownFileType = sourcecode.swift; path = "MsgBlast/Core/MusePageScript.swift"; sourceTree = SOURCE_ROOT;};
A4EFC15ED5F29AB7433450D0 = {isa = PBXFileReference; lastKnownFileType = sourcecode.swift; path = "MsgBlast/Core/PermissionHandoff.swift"; sourceTree = SOURCE_ROOT;};
8A0DAF0FA7B9FFB06EFDE147 = {isa = PBXFileReference; lastKnownFileType = sourcecode.swift; path = "MsgBlast/Core/Routing.swift"; sourceTree = SOURCE_ROOT;};
C99775A0592A1B300FA2CC0C = {isa = PBXFileReference; lastKnownFileType = sourcecode.swift; path = "MsgBlast/Core/WebAgentSession.swift"; sourceTree = SOURCE_ROOT;};
6D1155C577C7ECF31A664D97 = {isa = PBXFileReference; lastKnownFileType = sourcecode.swift; path = "MsgBlast/Core/WebAgents.swift"; sourceTree = SOURCE_ROOT;};
386F7DCF3DFEB74B9366F70C = {isa = PBXFileReference; lastKnownFileType = sourcecode.swift; path = "MsgBlast/Core/WebPageScript.swift"; sourceTree = SOURCE_ROOT;};
A73006FF1EAEC39CA0C994CD = {isa = PBXFileReference; lastKnownFileType = sourcecode.swift; path = "MsgBlast/Core/WebProvider.swift"; sourceTree = SOURCE_ROOT;};
BD662E3734089AA2A34238A2 = {isa = PBXFileReference; lastKnownFileType = sourcecode.swift; path = "MsgBlast/Core/WebServices.swift"; sourceTree = SOURCE_ROOT;};
9207B463E9F5E0CA00D84D7C = {isa = PBXFileReference; lastKnownFileType = sourcecode.swift; path = "MsgBlast/Messages/MessageSender.swift"; sourceTree = SOURCE_ROOT;};
AF031E3A8ED521E3DFB2DAF9 = {isa = PBXFileReference; lastKnownFileType = sourcecode.swift; path = "MsgBlast/Permissions/MessagesAccessGuide.swift"; sourceTree = SOURCE_ROOT;};
52AE6E820B7D68E12250C729 = {isa = PBXFileReference; lastKnownFileType = sourcecode.swift; path = "MsgBlast/Storage/LocalStore.swift"; sourceTree = SOURCE_ROOT;};
D05EB9875616AB38323A5CF2 = {isa = PBXFileReference; lastKnownFileType = sourcecode.swift; path = "MsgBlast/Windows/AttachmentViews.swift"; sourceTree = SOURCE_ROOT;};
5928EA5EDAE956679F27C5B1 = {isa = PBXFileReference; lastKnownFileType = sourcecode.swift; path = "MsgBlast/Windows/DiscoverView.swift"; sourceTree = SOURCE_ROOT;};
31B7380F77D47F20184A06B0 = {isa = PBXFileReference; lastKnownFileType = sourcecode.swift; path = "MsgBlast/Windows/MessageEditor.swift"; sourceTree = SOURCE_ROOT;};
96AEE6D4B26598BC7028924C = {isa = PBXFileReference; lastKnownFileType = sourcecode.swift; path = "MsgBlast/Windows/RichMessageViews.swift"; sourceTree = SOURCE_ROOT;};
C0F14BF6258F77DFFFEC3718 = {isa = PBXFileReference; lastKnownFileType = sourcecode.swift; path = "MsgBlast/Windows/Views.swift"; sourceTree = SOURCE_ROOT;};
E44531F80BF36B302BB691E0 = {isa = PBXFileReference; lastKnownFileType = sourcecode.swift; path = "MsgBlast/Windows/WebServicesView.swift"; sourceTree = SOURCE_ROOT;};
A815469B690524318E2FBBCB = {isa = PBXFileReference; lastKnownFileType = sourcecode.swift; path = "MsgBlast/Windows/WindowCoordinator.swift"; sourceTree = SOURCE_ROOT;};
8583D186C3C99A985FD9A4C9 = {isa = PBXFileReference; lastKnownFileType = sourcecode.swift; path = "MsgBlastTests/AttachmentTests.swift"; sourceTree = SOURCE_ROOT;};
A969F55DC6C4842CF3201577 = {isa = PBXFileReference; lastKnownFileType = sourcecode.swift; path = "MsgBlastTests/CoreTests.swift"; sourceTree = SOURCE_ROOT;};
926A5BC58024EF081817FE4A = {isa = PBXFileReference; lastKnownFileType = sourcecode.swift; path = "MsgBlastTests/DiscoverTests.swift"; sourceTree = SOURCE_ROOT;};
C59D0EC20882CFF76F4A34C7 = {isa = PBXFileReference; lastKnownFileType = sourcecode.swift; path = "MsgBlastTests/MessagesDatabaseTests.swift"; sourceTree = SOURCE_ROOT;};
2F541EBEAB70AE1C685F4972 = {isa = PBXFileReference; lastKnownFileType = sourcecode.swift; path = "MsgBlastTests/MultiWebAgentTests.swift"; sourceTree = SOURCE_ROOT;};
70FF4623B4BCFDE527895412 = {isa = PBXFileReference; lastKnownFileType = sourcecode.swift; path = "MsgBlastTests/PermissionGuideLifecycleTests.swift"; sourceTree = SOURCE_ROOT;};
F30C514B43ECBC7C7BBF63DB = {isa = PBXFileReference; lastKnownFileType = sourcecode.swift; path = "MsgBlastTests/PermissionHandoffTests.swift"; sourceTree = SOURCE_ROOT;};
93FEE0E392B078463E85969E = {isa = PBXFileReference; lastKnownFileType = sourcecode.swift; path = "MsgBlastTests/WebServiceTests.swift"; sourceTree = SOURCE_ROOT;};
85AEA641F8CDB17B076D90DA = {isa = PBXFileReference; lastKnownFileType = sourcecode.swift; path = "MsgBlastUITests/WebServiceWorkflowTests.swift"; sourceTree = SOURCE_ROOT;};
C37B697EB4DA39ED98803986 = {isa = PBXFileReference; lastKnownFileType = sourcecode.swift; path = "MsgBlastUITests/WorkflowTests.swift"; sourceTree = SOURCE_ROOT;};
50710D467EE53D72135AC113 = {isa = PBXFileReference; lastKnownFileType = folder.iconcomposer.icon; path = "MsgBlast/AppIcon.icon"; sourceTree = SOURCE_ROOT;};
BFDF59F158E3A94B4360F54E = {isa = PBXFileReference; lastKnownFileType = folder.iconcomposer.icon; path = "MsgBlast/AppIconDemo.icon"; sourceTree = SOURCE_ROOT;};
0E921C13884642E507357EC2 = {isa = PBXFileReference; lastKnownFileType = text; path = "MsgBlast/ThirdPartyNotices.txt"; sourceTree = SOURCE_ROOT;};
71413EE3F24AA633E2F82800 = {isa = PBXFileReference; lastKnownFileType = folder; path = "MsgBlast/Resources/Discover"; sourceTree = SOURCE_ROOT;};
AAC2E1ABC2A1112A4281C280 = {isa = PBXFileReference; lastKnownFileType = image.jpeg; path = "MsgBlast/Resources/MuseAvatar.jpg"; sourceTree = SOURCE_ROOT;};
AD93AF27E25E3D2E1A0428C7 = {isa = PBXFileReference; lastKnownFileType = folder; path = "MsgBlast/Resources/WebAgentIcons"; sourceTree = SOURCE_ROOT;};
F7E01E513043D9BEE33B1C09 = {isa = PBXFileReference; explicitFileType = wrapper.framework; path = MsgBlastCore.framework; sourceTree = BUILT_PRODUCTS_DIR;};
44FD8167EFCBA2FAD69D64B6 = {isa = PBXFileReference; explicitFileType = wrapper.application; path = MsgBlast.app; sourceTree = BUILT_PRODUCTS_DIR;};
A532383AE58E557BA5A44CFB = {isa = PBXFileReference; explicitFileType = wrapper.cfbundle; path = MsgBlastTests.xctest; sourceTree = BUILT_PRODUCTS_DIR;};
53AD4D60C45974D7A7017D1B = {isa = PBXFileReference; explicitFileType = wrapper.cfbundle; path = MsgBlastUITests.xctest; sourceTree = BUILT_PRODUCTS_DIR;};
FBDC4F23F93125BBEEAE800C = {isa = PBXGroup; name = Products; sourceTree = "<group>"; children = (F7E01E513043D9BEE33B1C09, 44FD8167EFCBA2FAD69D64B6, A532383AE58E557BA5A44CFB, 53AD4D60C45974D7A7017D1B,);};
E50290A24C49A459B43487C5 = {isa = PBXGroup; sourceTree = "<group>"; children = (458B8C1085CF106867885A6B, 1FD3A9862F2DE549FE564001, ED911E839B9D04735B769D26, D2DDDB9A42530B6834C2257A, 1CDC923B03769187A76C52E5, FB6D8D89CDE96ECD10C14BAB, 69338B568E5AEE1CDEBF3C73, D0FF9E6FB52B2C778B226497, 5BF2F68A6BE0716C872C1155, 6FED79A5C350F746E510B712, D1A4EDA5A489BE8D07761394, A4EFC15ED5F29AB7433450D0, 8A0DAF0FA7B9FFB06EFDE147, C99775A0592A1B300FA2CC0C, 6D1155C577C7ECF31A664D97, 386F7DCF3DFEB74B9366F70C, A73006FF1EAEC39CA0C994CD, BD662E3734089AA2A34238A2, 9207B463E9F5E0CA00D84D7C, AF031E3A8ED521E3DFB2DAF9, 52AE6E820B7D68E12250C729, D05EB9875616AB38323A5CF2, 5928EA5EDAE956679F27C5B1, 31B7380F77D47F20184A06B0, 96AEE6D4B26598BC7028924C, C0F14BF6258F77DFFFEC3718, E44531F80BF36B302BB691E0, A815469B690524318E2FBBCB, 8583D186C3C99A985FD9A4C9, A969F55DC6C4842CF3201577, 926A5BC58024EF081817FE4A, C59D0EC20882CFF76F4A34C7, 2F541EBEAB70AE1C685F4972, 70FF4623B4BCFDE527895412, F30C514B43ECBC7C7BBF63DB, 93FEE0E392B078463E85969E, 85AEA641F8CDB17B076D90DA, C37B697EB4DA39ED98803986, 50710D467EE53D72135AC113, BFDF59F158E3A94B4360F54E, 0E921C13884642E507357EC2, 71413EE3F24AA633E2F82800, AAC2E1ABC2A1112A4281C280, AD93AF27E25E3D2E1A0428C7, FBDC4F23F93125BBEEAE800C,);};
80EC5674B89ED496740F7F8B = {isa = PBXBuildFile; fileRef = 1CDC923B03769187A76C52E5;};
389AF04796FDE8BAC8BCFC57 = {isa = PBXBuildFile; fileRef = FB6D8D89CDE96ECD10C14BAB;};
73AFD28DED964863D992FDEC = {isa = PBXBuildFile; fileRef = 69338B568E5AEE1CDEBF3C73;};
44DF913D6A116140A8A8059F = {isa = PBXBuildFile; fileRef = D0FF9E6FB52B2C778B226497;};
A5D32EBC4968BFE74459358E = {isa = PBXBuildFile; fileRef = 5BF2F68A6BE0716C872C1155;};
D61526751330AE23B29142F4 = {isa = PBXBuildFile; fileRef = 6FED79A5C350F746E510B712;};
64689FC261705EF94C6DDFED = {isa = PBXBuildFile; fileRef = D1A4EDA5A489BE8D07761394;};
F731D1C752AE424110502EE5 = {isa = PBXBuildFile; fileRef = A4EFC15ED5F29AB7433450D0;};
567AEA8764793CAAA4E43E61 = {isa = PBXBuildFile; fileRef = 8A0DAF0FA7B9FFB06EFDE147;};
A0301A5F106C6E91796AF00A = {isa = PBXBuildFile; fileRef = C99775A0592A1B300FA2CC0C;};
417F9327F1924228868222F8 = {isa = PBXBuildFile; fileRef = 6D1155C577C7ECF31A664D97;};
EE0DC720F21043140AC78D82 = {isa = PBXBuildFile; fileRef = 386F7DCF3DFEB74B9366F70C;};
B90134BA779944658738C467 = {isa = PBXBuildFile; fileRef = A73006FF1EAEC39CA0C994CD;};
8A611469E65E399915EFD1FC = {isa = PBXBuildFile; fileRef = BD662E3734089AA2A34238A2;};
3A53551C4238BDE092A866CC = {isa = PBXSourcesBuildPhase; buildActionMask = 2147483647; files = (80EC5674B89ED496740F7F8B, 389AF04796FDE8BAC8BCFC57, 73AFD28DED964863D992FDEC, 44DF913D6A116140A8A8059F, A5D32EBC4968BFE74459358E, D61526751330AE23B29142F4, 64689FC261705EF94C6DDFED, F731D1C752AE424110502EE5, 567AEA8764793CAAA4E43E61, A0301A5F106C6E91796AF00A, 417F9327F1924228868222F8, EE0DC720F21043140AC78D82, B90134BA779944658738C467, 8A611469E65E399915EFD1FC,); runOnlyForDeploymentPostprocessing = 0;};
BC3CDDF61DA291B0E829449F = {isa = PBXFrameworksBuildPhase; buildActionMask = 2147483647; files = (); runOnlyForDeploymentPostprocessing = 0;};
8B5D7EB1571C4F5AF1B62A72 = {isa = XCBuildConfiguration; name = Debug; buildSettings = {PRODUCT_NAME = "$(TARGET_NAME)";PRODUCT_BUNDLE_IDENTIFIER = com.msgblast.MsgBlastCore;MACOSX_DEPLOYMENT_TARGET = 26.0;SWIFT_VERSION = 6.0;CODE_SIGN_STYLE = Automatic;CODE_SIGN_IDENTITY = "-";ENABLE_HARDENED_RUNTIME = NO;ENABLE_TESTABILITY = YES;GENERATE_INFOPLIST_FILE = YES;LD_RUNPATH_SEARCH_PATHS = "$(inherited) @executable_path/../Frameworks @loader_path/../Frameworks";DEFINES_MODULE = YES;DYLIB_INSTALL_NAME_BASE = "@rpath";SKIP_INSTALL = YES;OTHER_LDFLAGS = "$(inherited) -lsqlite3";SWIFT_OPTIMIZATION_LEVEL = "-Onone";SWIFT_ACTIVE_COMPILATION_CONDITIONS = "DEBUG";};};
EB401DC46B4523BBA9591565 = {isa = XCBuildConfiguration; name = Release; buildSettings = {PRODUCT_NAME = "$(TARGET_NAME)";PRODUCT_BUNDLE_IDENTIFIER = com.msgblast.MsgBlastCore;MACOSX_DEPLOYMENT_TARGET = 26.0;SWIFT_VERSION = 6.0;CODE_SIGN_STYLE = Automatic;CODE_SIGN_IDENTITY = "-";ENABLE_HARDENED_RUNTIME = NO;ENABLE_TESTABILITY = YES;GENERATE_INFOPLIST_FILE = YES;LD_RUNPATH_SEARCH_PATHS = "$(inherited) @executable_path/../Frameworks @loader_path/../Frameworks";DEFINES_MODULE = YES;DYLIB_INSTALL_NAME_BASE = "@rpath";SKIP_INSTALL = YES;OTHER_LDFLAGS = "$(inherited) -lsqlite3";SWIFT_OPTIMIZATION_LEVEL = "-O";SWIFT_ACTIVE_COMPILATION_CONDITIONS = "";};};
8562FC30FABA79EE8372FA1F = {isa = XCConfigurationList; buildConfigurations = (8B5D7EB1571C4F5AF1B62A72, EB401DC46B4523BBA9591565,); defaultConfigurationIsVisible = 0; defaultConfigurationName = Debug;};
4BED13382A0AA961CE8CD93B = {isa = PBXNativeTarget; name = MsgBlastCore; productName = MsgBlastCore; productReference = F7E01E513043D9BEE33B1C09; productType = "com.apple.product-type.framework"; buildConfigurationList = 8562FC30FABA79EE8372FA1F; buildPhases = (3A53551C4238BDE092A866CC, BC3CDDF61DA291B0E829449F,); buildRules = (); dependencies = ();};
2D0F9BE27802ECFF87049579 = {isa = PBXBuildFile; fileRef = 458B8C1085CF106867885A6B;};
7CA678905B730C77CD771771 = {isa = PBXBuildFile; fileRef = 1FD3A9862F2DE549FE564001;};
2109046AE0D5195E2C770737 = {isa = PBXBuildFile; fileRef = ED911E839B9D04735B769D26;};
67627A970C0B55A7E7C7EC94 = {isa = PBXBuildFile; fileRef = D2DDDB9A42530B6834C2257A;};
EF5A20A3F1E4A0DCE67F3469 = {isa = PBXBuildFile; fileRef = 9207B463E9F5E0CA00D84D7C;};
1A1B938193F82AE8E9FED6F0 = {isa = PBXBuildFile; fileRef = AF031E3A8ED521E3DFB2DAF9;};
E58AAD9B3AB251E8A0FFDD32 = {isa = PBXBuildFile; fileRef = 52AE6E820B7D68E12250C729;};
29E9AF72672DCFC064617553 = {isa = PBXBuildFile; fileRef = D05EB9875616AB38323A5CF2;};
16FCD2F91CEEA068EBD86309 = {isa = PBXBuildFile; fileRef = 5928EA5EDAE956679F27C5B1;};
54958194D7B0B94C5437F478 = {isa = PBXBuildFile; fileRef = 31B7380F77D47F20184A06B0;};
2D1A1D09BAA5A164256F7548 = {isa = PBXBuildFile; fileRef = 96AEE6D4B26598BC7028924C;};
D374EE485DA84A73128A6A64 = {isa = PBXBuildFile; fileRef = C0F14BF6258F77DFFFEC3718;};
E3D9C3D15C0555C624E27D42 = {isa = PBXBuildFile; fileRef = E44531F80BF36B302BB691E0;};
27A9DAC1CD165B0DD802FC73 = {isa = PBXBuildFile; fileRef = A815469B690524318E2FBBCB;};
1EF5507E6815585F4839DE21 = {isa = PBXSourcesBuildPhase; buildActionMask = 2147483647; files = (2D0F9BE27802ECFF87049579, 7CA678905B730C77CD771771, 2109046AE0D5195E2C770737, 67627A970C0B55A7E7C7EC94, EF5A20A3F1E4A0DCE67F3469, 1A1B938193F82AE8E9FED6F0, E58AAD9B3AB251E8A0FFDD32, 29E9AF72672DCFC064617553, 16FCD2F91CEEA068EBD86309, 54958194D7B0B94C5437F478, 2D1A1D09BAA5A164256F7548, D374EE485DA84A73128A6A64, E3D9C3D15C0555C624E27D42, 27A9DAC1CD165B0DD802FC73,); runOnlyForDeploymentPostprocessing = 0;};
18E47BF9FEFDFEA8AC856EDD = {isa = PBXBuildFile; fileRef = F7E01E513043D9BEE33B1C09;};
034E5C75400CA91849F3ED6D = {isa = PBXTargetDependency; target = 4BED13382A0AA961CE8CD93B;};
6C4DC6EF4828C8F56B176A78 = {isa = PBXFrameworksBuildPhase; buildActionMask = 2147483647; files = (18E47BF9FEFDFEA8AC856EDD,); runOnlyForDeploymentPostprocessing = 0;};
8091B948C032A8C12BFC029B = {isa = PBXBuildFile; fileRef = 50710D467EE53D72135AC113;};
32791D7890B69A1D61A1431F = {isa = PBXBuildFile; fileRef = BFDF59F158E3A94B4360F54E;};
C821570E2EBE5DAB5F864CF2 = {isa = PBXBuildFile; fileRef = 0E921C13884642E507357EC2;};
5C9EAF46FEFA1FA289F06EDA = {isa = PBXBuildFile; fileRef = 71413EE3F24AA633E2F82800;};
BD0BD9050ECC46DF3DE8BA4C = {isa = PBXBuildFile; fileRef = AAC2E1ABC2A1112A4281C280;};
FC186E2D5A6C525A5F6A02DF = {isa = PBXBuildFile; fileRef = AD93AF27E25E3D2E1A0428C7;};
364863F9F2E558B0F50473FC = {isa = PBXResourcesBuildPhase; buildActionMask = 2147483647; files = (8091B948C032A8C12BFC029B, 32791D7890B69A1D61A1431F, C821570E2EBE5DAB5F864CF2, 5C9EAF46FEFA1FA289F06EDA, BD0BD9050ECC46DF3DE8BA4C, FC186E2D5A6C525A5F6A02DF,); runOnlyForDeploymentPostprocessing = 0;};
91C22378A6911DAFC6F7FA76 = {isa = PBXBuildFile; fileRef = F7E01E513043D9BEE33B1C09; settings = {ATTRIBUTES = (CodeSignOnCopy, RemoveHeadersOnCopy,);};};
D0C3E73D7193110B326B66C8 = {isa = PBXCopyFilesBuildPhase; buildActionMask = 2147483647; dstPath = ""; dstSubfolderSpec = 10; files = (91C22378A6911DAFC6F7FA76,); name = "Embed Frameworks"; runOnlyForDeploymentPostprocessing = 0;};
4B45E2DBF8E72E5EFBDA0B5C = {isa = XCBuildConfiguration; name = Debug; buildSettings = {PRODUCT_NAME = "$(TARGET_NAME)";PRODUCT_BUNDLE_IDENTIFIER = com.msgblast.mac;MACOSX_DEPLOYMENT_TARGET = 26.0;SWIFT_VERSION = 6.0;CODE_SIGN_STYLE = Automatic;CODE_SIGN_IDENTITY = "-";ENABLE_HARDENED_RUNTIME = YES;ENABLE_TESTABILITY = YES;GENERATE_INFOPLIST_FILE = NO;LD_RUNPATH_SEARCH_PATHS = "$(inherited) @executable_path/../Frameworks @loader_path/../Frameworks";INFOPLIST_FILE = MsgBlast/Info.plist;CODE_SIGN_ENTITLEMENTS = MsgBlast/MsgBlast.entitlements;ASSETCATALOG_COMPILER_APPICON_NAME = AppIcon;SWIFT_OPTIMIZATION_LEVEL = "-Onone";SWIFT_ACTIVE_COMPILATION_CONDITIONS = "DEBUG";};};
86179D097956F8C50AD127E3 = {isa = XCBuildConfiguration; name = Release; buildSettings = {PRODUCT_NAME = "$(TARGET_NAME)";PRODUCT_BUNDLE_IDENTIFIER = com.msgblast.mac;MACOSX_DEPLOYMENT_TARGET = 26.0;SWIFT_VERSION = 6.0;CODE_SIGN_STYLE = Automatic;CODE_SIGN_IDENTITY = "-";ENABLE_HARDENED_RUNTIME = YES;ENABLE_TESTABILITY = YES;GENERATE_INFOPLIST_FILE = NO;LD_RUNPATH_SEARCH_PATHS = "$(inherited) @executable_path/../Frameworks @loader_path/../Frameworks";INFOPLIST_FILE = MsgBlast/Info.plist;CODE_SIGN_ENTITLEMENTS = MsgBlast/MsgBlast.entitlements;ASSETCATALOG_COMPILER_APPICON_NAME = AppIcon;SWIFT_OPTIMIZATION_LEVEL = "-O";SWIFT_ACTIVE_COMPILATION_CONDITIONS = "";};};
4633A809DEC6575E37262C97 = {isa = XCConfigurationList; buildConfigurations = (4B45E2DBF8E72E5EFBDA0B5C, 86179D097956F8C50AD127E3,); defaultConfigurationIsVisible = 0; defaultConfigurationName = Debug;};
3D84144F2D8D6A0324704480 = {isa = PBXNativeTarget; name = MsgBlast; productName = MsgBlast; productReference = 44FD8167EFCBA2FAD69D64B6; productType = "com.apple.product-type.application"; buildConfigurationList = 4633A809DEC6575E37262C97; buildPhases = (1EF5507E6815585F4839DE21, 6C4DC6EF4828C8F56B176A78, 364863F9F2E558B0F50473FC, D0C3E73D7193110B326B66C8,); buildRules = (); dependencies = (034E5C75400CA91849F3ED6D,);};
7213E6C359ADB7B5F6B00D65 = {isa = PBXBuildFile; fileRef = 8583D186C3C99A985FD9A4C9;};
8C80399D9C88D79B946F07FA = {isa = PBXBuildFile; fileRef = A969F55DC6C4842CF3201577;};
559082577A790B6CE895AA63 = {isa = PBXBuildFile; fileRef = 926A5BC58024EF081817FE4A;};
87D53BE7F94011EE717A8586 = {isa = PBXBuildFile; fileRef = C59D0EC20882CFF76F4A34C7;};
B6CA2EDA53B8B57105C61EC1 = {isa = PBXBuildFile; fileRef = 2F541EBEAB70AE1C685F4972;};
B8D9490FF82809F3B09A9780 = {isa = PBXBuildFile; fileRef = 70FF4623B4BCFDE527895412;};
2A738B5D585296AF1FD5EA53 = {isa = PBXBuildFile; fileRef = F30C514B43ECBC7C7BBF63DB;};
CA7659C981D7F013FCB41E6B = {isa = PBXBuildFile; fileRef = 93FEE0E392B078463E85969E;};
92FD08D2C0F9C982CA3312E5 = {isa = PBXBuildFile; fileRef = AF031E3A8ED521E3DFB2DAF9;};
BF86E68074D77492E961C007 = {isa = PBXSourcesBuildPhase; buildActionMask = 2147483647; files = (7213E6C359ADB7B5F6B00D65, 8C80399D9C88D79B946F07FA, 559082577A790B6CE895AA63, 87D53BE7F94011EE717A8586, B6CA2EDA53B8B57105C61EC1, B8D9490FF82809F3B09A9780, 2A738B5D585296AF1FD5EA53, CA7659C981D7F013FCB41E6B, 92FD08D2C0F9C982CA3312E5,); runOnlyForDeploymentPostprocessing = 0;};
C2872B4BAA41E741777E4D4F = {isa = PBXBuildFile; fileRef = F7E01E513043D9BEE33B1C09;};
EBF74E11EDF70C612073BA7A = {isa = PBXTargetDependency; target = 4BED13382A0AA961CE8CD93B;};
68C86556F50AD5493E23C11F = {isa = PBXFrameworksBuildPhase; buildActionMask = 2147483647; files = (C2872B4BAA41E741777E4D4F,); runOnlyForDeploymentPostprocessing = 0;};
30F9B52FF4AEB87BE661E9F6 = {isa = XCBuildConfiguration; name = Debug; buildSettings = {PRODUCT_NAME = "$(TARGET_NAME)";PRODUCT_BUNDLE_IDENTIFIER = com.msgblast.MsgBlastTests;MACOSX_DEPLOYMENT_TARGET = 26.0;SWIFT_VERSION = 6.0;CODE_SIGN_STYLE = Automatic;CODE_SIGN_IDENTITY = "-";ENABLE_HARDENED_RUNTIME = NO;ENABLE_TESTABILITY = YES;GENERATE_INFOPLIST_FILE = YES;LD_RUNPATH_SEARCH_PATHS = "$(inherited) @executable_path/../Frameworks @loader_path/../Frameworks";SWIFT_OPTIMIZATION_LEVEL = "-Onone";SWIFT_ACTIVE_COMPILATION_CONDITIONS = "DEBUG";};};
8AB6E9DC5112E44C9B7A0873 = {isa = XCBuildConfiguration; name = Release; buildSettings = {PRODUCT_NAME = "$(TARGET_NAME)";PRODUCT_BUNDLE_IDENTIFIER = com.msgblast.MsgBlastTests;MACOSX_DEPLOYMENT_TARGET = 26.0;SWIFT_VERSION = 6.0;CODE_SIGN_STYLE = Automatic;CODE_SIGN_IDENTITY = "-";ENABLE_HARDENED_RUNTIME = NO;ENABLE_TESTABILITY = YES;GENERATE_INFOPLIST_FILE = YES;LD_RUNPATH_SEARCH_PATHS = "$(inherited) @executable_path/../Frameworks @loader_path/../Frameworks";SWIFT_OPTIMIZATION_LEVEL = "-O";SWIFT_ACTIVE_COMPILATION_CONDITIONS = "";};};
B9018184F9EB37004FC5EE7C = {isa = XCConfigurationList; buildConfigurations = (30F9B52FF4AEB87BE661E9F6, 8AB6E9DC5112E44C9B7A0873,); defaultConfigurationIsVisible = 0; defaultConfigurationName = Debug;};
78CA447342267B87E15224CB = {isa = PBXNativeTarget; name = MsgBlastTests; productName = MsgBlastTests; productReference = A532383AE58E557BA5A44CFB; productType = "com.apple.product-type.bundle.unit-test"; buildConfigurationList = B9018184F9EB37004FC5EE7C; buildPhases = (BF86E68074D77492E961C007, 68C86556F50AD5493E23C11F,); buildRules = (); dependencies = (EBF74E11EDF70C612073BA7A,);};
518A94082BB906180B72F68D = {isa = PBXBuildFile; fileRef = 85AEA641F8CDB17B076D90DA;};
D25574507804D2F53AFE686D = {isa = PBXBuildFile; fileRef = C37B697EB4DA39ED98803986;};
8307E891629D1CCD9A5F9C9E = {isa = PBXSourcesBuildPhase; buildActionMask = 2147483647; files = (518A94082BB906180B72F68D, D25574507804D2F53AFE686D,); runOnlyForDeploymentPostprocessing = 0;};
313513AF087914F2CFBB39FB = {isa = PBXFrameworksBuildPhase; buildActionMask = 2147483647; files = (); runOnlyForDeploymentPostprocessing = 0;};
128CDEF00F9D3D796C1E0DF1 = {isa = PBXTargetDependency; target = 3D84144F2D8D6A0324704480;};
7237990B19AE457E087C11E1 = {isa = XCBuildConfiguration; name = Debug; buildSettings = {PRODUCT_NAME = "$(TARGET_NAME)";PRODUCT_BUNDLE_IDENTIFIER = com.msgblast.MsgBlastUITests;MACOSX_DEPLOYMENT_TARGET = 26.0;SWIFT_VERSION = 6.0;CODE_SIGN_STYLE = Automatic;CODE_SIGN_IDENTITY = "-";ENABLE_HARDENED_RUNTIME = NO;ENABLE_TESTABILITY = YES;GENERATE_INFOPLIST_FILE = YES;LD_RUNPATH_SEARCH_PATHS = "$(inherited) @executable_path/../Frameworks @loader_path/../Frameworks";TEST_TARGET_NAME = MsgBlast;SWIFT_OPTIMIZATION_LEVEL = "-Onone";SWIFT_ACTIVE_COMPILATION_CONDITIONS = "DEBUG";};};
49E99D87CE56E3258C67C4E1 = {isa = XCBuildConfiguration; name = Release; buildSettings = {PRODUCT_NAME = "$(TARGET_NAME)";PRODUCT_BUNDLE_IDENTIFIER = com.msgblast.MsgBlastUITests;MACOSX_DEPLOYMENT_TARGET = 26.0;SWIFT_VERSION = 6.0;CODE_SIGN_STYLE = Automatic;CODE_SIGN_IDENTITY = "-";ENABLE_HARDENED_RUNTIME = NO;ENABLE_TESTABILITY = YES;GENERATE_INFOPLIST_FILE = YES;LD_RUNPATH_SEARCH_PATHS = "$(inherited) @executable_path/../Frameworks @loader_path/../Frameworks";TEST_TARGET_NAME = MsgBlast;SWIFT_OPTIMIZATION_LEVEL = "-O";SWIFT_ACTIVE_COMPILATION_CONDITIONS = "";};};
69B5713F710DFE35408803AA = {isa = XCConfigurationList; buildConfigurations = (7237990B19AE457E087C11E1, 49E99D87CE56E3258C67C4E1,); defaultConfigurationIsVisible = 0; defaultConfigurationName = Debug;};
857434A7EA0DD9DFA88146EE = {isa = PBXNativeTarget; name = MsgBlastUITests; productName = MsgBlastUITests; productReference = 53AD4D60C45974D7A7017D1B; productType = "com.apple.product-type.bundle.ui-testing"; buildConfigurationList = 69B5713F710DFE35408803AA; buildPhases = (8307E891629D1CCD9A5F9C9E, 313513AF087914F2CFBB39FB,); buildRules = (); dependencies = (128CDEF00F9D3D796C1E0DF1,);};
89E1FD6268CC0F221A2BE178 = {isa = XCBuildConfiguration; name = Debug; buildSettings = {SDKROOT = macosx;CLANG_ENABLE_MODULES = YES;SWIFT_VERSION = 6.0;MACOSX_DEPLOYMENT_TARGET = 26.0;SWIFT_OPTIMIZATION_LEVEL = "-Onone";SWIFT_ACTIVE_COMPILATION_CONDITIONS = "DEBUG";};};
E6DE6C99132752C914FEF632 = {isa = XCBuildConfiguration; name = Release; buildSettings = {SDKROOT = macosx;CLANG_ENABLE_MODULES = YES;SWIFT_VERSION = 6.0;MACOSX_DEPLOYMENT_TARGET = 26.0;SWIFT_OPTIMIZATION_LEVEL = "-O";SWIFT_ACTIVE_COMPILATION_CONDITIONS = "";};};
862894B703A6DEDF96A9DD6C = {isa = XCConfigurationList; buildConfigurations = (89E1FD6268CC0F221A2BE178, E6DE6C99132752C914FEF632,); defaultConfigurationIsVisible = 0; defaultConfigurationName = Debug;};
98F54143AB4E86B28C3AFEE0 = {isa = PBXProject; attributes = {LastUpgradeCheck = 2700;}; buildConfigurationList = 862894B703A6DEDF96A9DD6C; compatibilityVersion = "Xcode 14.0"; developmentRegion = en; hasScannedForEncodings = 0; knownRegions = (en, Base,); mainGroup = E50290A24C49A459B43487C5; productRefGroup = FBDC4F23F93125BBEEAE800C; projectDirPath = ""; projectRoot = ""; targets = (4BED13382A0AA961CE8CD93B, 3D84144F2D8D6A0324704480, 78CA447342267B87E15224CB, 857434A7EA0DD9DFA88146EE,);};
}; rootObject = 98F54143AB4E86B28C3AFEE0;}
